
Microsoft Visual Studio Solution File, Format Version 12.00
# Visual Studio Version 16
VisualStudioVersion = 16.0.31019.35
MinimumVisualStudioVersion = 10.0.40219.1
Project("{8BC9CEB8-8B4A-11D0-8D11-00A0C91BC942}") = "c++learning", "c++learning\c++learning.vcxproj", "{5969125C-29BD-4E25-8B25-6143D494698B}"
EndProject
Global
	GlobalSection(SolutionConfigurationPlatforms) = preSolution
		Debug|x64 = Debug|x64
		Debug|x86 = Debug|x86
		Release|x64 = Release|x64
		Release|x86 = Release|x86
	EndGlobalSection
	GlobalSection(ProjectConfigurationPlatforms) = postSolution
		{5969125C-29BD-4E25-8B25-6143D494698B}.Debug|x64.ActiveCfg = Debug|x64
		{5969125C-29BD-4E25-8B25-6143D494698B}.Debug|x64.Build.0 = Debug|x64
		{5969125C-29BD-4E25-8B25-6143D494698B}.Debug|x86.ActiveCfg = Debug|Win32
		{5969125C-29BD-4E25-8B25-6143D494698B}.Debug|x86.Build.0 = Debug|Win32
		{5969125C-29BD-4E25-8B25-6143D494698B}.Release|x64.ActiveCfg = Release|x64
		{5969125C-29BD-4E25-8B25-6143D494698B}.Release|x64.Build.0 = Release|x64
		{5969125C-29BD-4E25-8B25-6143D494698B}.Release|x86.ActiveCfg = Release|Win32
		{5969125C-29BD-4E25-8B25-6143D494698B}.Release|x86.Build.0 = Release|Win32
	EndGlobalSection
	GlobalSection(SolutionProperties) = preSolution
		HideSolutionNode = FALSE
	EndGlobalSection
	GlobalSection(ExtensibilityGlobals) = postSolution
		SolutionGuid = {627BA923-49E0-40B1-9CC7-6E75B3D060D5}
	EndGlobalSection
EndGlobal
